{
  "pins" : [
    {
      "identity" : "ananda",
      "kind" : "remoteSourceControl",
      "location" : "https://github.com/nixzhu/Ananda.git",
      "state" : {
        "branch" : "main",
        "revision" : "4e99086195080495965c6a9d46a4a442c2fbade9"
      }
    },
    {
      "identity" : "anandamacros",
      "kind" : "remoteSourceControl",
      "location" : "https://github.com/nixzhu/AnandaMacros.git",
      "state" : {
        "branch" : "main",
        "revision" : "a142c726df9ecceea3c49a240bd2bb1db6e014e2"
      }
    },
    {
      "identity" : "jjliso8601dateformatter",
      "kind" : "remoteSourceControl",
      "location" : "https://github.com/michaeleisel/JJLISO8601DateFormatter.git",
      "state" : {
        "revision" : "741a9e45db01148a8ac60c5e12f7c978181a22d3",
        "version" : "0.1.8"
      }
    },
    {
      "identity" : "swift-argument-parser",
      "kind" : "remoteSourceControl",
      "location" : "https://github.com/apple/swift-argument-parser",
      "state" : {
        "revision" : "0fbc8848e389af3bb55c182bc19ca9d5dc2f255b",
        "version" : "1.4.0"
      }
    },
    {
      "identity" : "swift-benchmark",
      "kind" : "remoteSourceControl",
      "location" : "https://github.com/google/swift-benchmark.git",
      "state" : {
        "revision" : "8163295f6fe82356b0bcf8e1ab991645de17d096",
        "version" : "0.1.2"
      }
    },
    {
      "identity" : "swift-syntax",
      "kind" : "remoteSourceControl",
      "location" : "https://github.com/apple/swift-syntax.git",
      "state" : {
        "revision" : "303e5c5c36d6a558407d364878df131c3546fad8",
        "version" : "510.0.2"
      }
    },
    {
      "identity" : "swiftyjson",
      "kind" : "remoteSourceControl",
      "location" : "https://github.com/SwiftyJSON/SwiftyJSON.git",
      "state" : {
        "revision" : "af76cf3ef710b6ca5f8c05f3a31307d44a3c5828",
        "version" : "5.0.2"
      }
    },
    {
      "identity" : "yyjson",
      "kind" : "remoteSourceControl",
      "location" : "https://github.com/ibireme/yyjson.git",
      "state" : {
        "revision" : "b21c02904188add942d3c7cd4885422e4335f115",
        "version" : "0.9.0"
      }
    }
  ],
  "version" : 2
}
