{
  "originHash" : "c75332b04f3a4d56e3a910ef5953e41f1cabf3019e6277a1955b2d521944cbae",
  "pins" : [
    {
      "identity" : "ananda",
      "kind" : "remoteSourceControl",
      "location" : "https://github.com/nixzhu/Ananda.git",
      "state" : {
        "revision" : "1c3696eeff6a945d4c65ec8349bca78ab1b14498",
        "version" : "1.2.0"
      }
    },
    {
      "identity" : "anandamacros",
      "kind" : "remoteSourceControl",
      "location" : "https://github.com/nixzhu/AnandaMacros.git",
      "state" : {
        "revision" : "2d746e86f74e9aedd0ac1eaeeecdf6d94e5cbc4a",
        "version" : "1.3.0"
      }
    },
    {
      "identity" : "jjliso8601dateformatter",
      "kind" : "remoteSourceControl",
      "location" : "https://github.com/michaeleisel/JJLISO8601DateFormatter.git",
      "state" : {
        "revision" : "741a9e45db01148a8ac60c5e12f7c978181a22d3",
        "version" : "0.1.8"
      }
    },
    {
      "identity" : "swift-argument-parser",
      "kind" : "remoteSourceControl",
      "location" : "https://github.com/apple/swift-argument-parser",
      "state" : {
        "revision" : "309a47b2b1d9b5e991f36961c983ecec72275be3",
        "version" : "1.6.1"
      }
    },
    {
      "identity" : "swift-benchmark",
      "kind" : "remoteSourceControl",
      "location" : "https://github.com/google/swift-benchmark.git",
      "state" : {
        "revision" : "8163295f6fe82356b0bcf8e1ab991645de17d096",
        "version" : "0.1.2"
      }
    },
    {
      "identity" : "swift-syntax",
      "kind" : "remoteSourceControl",
      "location" : "https://github.com/swiftlang/swift-syntax.git",
      "state" : {
        "revision" : "4799286537280063c85a32f09884cfbca301b1a1",
        "version" : "602.0.0"
      }
    },
    {
      "identity" : "swiftyjson",
      "kind" : "remoteSourceControl",
      "location" : "https://github.com/SwiftyJSON/SwiftyJSON.git",
      "state" : {
        "revision" : "af76cf3ef710b6ca5f8c05f3a31307d44a3c5828",
        "version" : "5.0.2"
      }
    },
    {
      "identity" : "yyjson",
      "kind" : "remoteSourceControl",
      "location" : "https://github.com/ibireme/yyjson.git",
      "state" : {
        "revision" : "8b4a38dc994a110abaec8a400615567bd996105f",
        "version" : "0.12.0"
      }
    }
  ],
  "version" : 3
}
